# @generated by Move, please check-in and do not edit manually.

[move]
version = 3
manifest_digest = "C0FF176B10607C88B40594C376C4BA618446AB642FF8982BAFD9DFBE68108BDF"
deps_digest = "F8BBB0CCB2491CA29A3DF03D6F92277A4F3574266507ACD77214D37ECA3F3082"
dependencies = [
  { id = "Iota", name = "Iota" },
]

[[move.package]]
id = "Iota"
source = { git = "https://github.com/iotaledger/iota.git", rev = "devnet", subdir = "crates/iota-framework/packages/iota-framework" }

dependencies = [
  { id = "MoveStdlib", name = "MoveStdlib" },
]

[[move.package]]
id = "MoveStdlib"
source = { git = "https://github.com/iotaledger/iota.git", rev = "devnet", subdir = "crates/iota-framework/packages/move-stdlib" }

[move.toolchain-version]
compiler-version = "1.13.1-rc"
edition = "2024"
flavor = "iota"

[env]

[env.testnet]
chain-id = "2304aa97"
original-published-id = "0x3fb9efdeb48cca80a0eaf80d4d366e238a050a40197fefe095814a52cb9ced33"
latest-published-id = "0x3fb9efdeb48cca80a0eaf80d4d366e238a050a40197fefe095814a52cb9ced33"
published-version = "1"

[env.devnet]
chain-id = "e678123a"
original-published-id = "0x1d6ff6950a606b434734bd66547947805071c6bb1062637dbfeef24e424329af"
latest-published-id = "0x1d6ff6950a606b434734bd66547947805071c6bb1062637dbfeef24e424329af"
published-version = "1"

